
Microsoft Visual Studio Solution File, Format Version 12.00
# Visual Studio 15
VisualStudioVersion = 15.0.27004.2010
MinimumVisualStudioVersion = 10.0.40219.1
Project("{8BC9CEB8-8B4A-11D0-8D11-00A0C91BC942}") = "Parser", "Parser\Parser.vcxproj", "{A957EE95-E213-454A-A548-D2C76B75F80B}"
EndProject
Global
	GlobalSection(SolutionConfigurationPlatforms) = preSolution
		Debug|x64 = Debug|x64
		Debug|x86 = Debug|x86
		Release|x64 = Release|x64
		Release|x86 = Release|x86
	EndGlobalSection
	GlobalSection(ProjectConfigurationPlatforms) = postSolution
		{A957EE95-E213-454A-A548-D2C76B75F80B}.Debug|x64.ActiveCfg = Debug|x64
		{A957EE95-E213-454A-A548-D2C76B75F80B}.Debug|x64.Build.0 = Debug|x64
		{A957EE95-E213-454A-A548-D2C76B75F80B}.Debug|x86.ActiveCfg = Debug|Win32
		{A957EE95-E213-454A-A548-D2C76B75F80B}.Debug|x86.Build.0 = Debug|Win32
		{A957EE95-E213-454A-A548-D2C76B75F80B}.Release|x64.ActiveCfg = Release|x64
		{A957EE95-E213-454A-A548-D2C76B75F80B}.Release|x64.Build.0 = Release|x64
		{A957EE95-E213-454A-A548-D2C76B75F80B}.Release|x86.ActiveCfg = Release|Win32
		{A957EE95-E213-454A-A548-D2C76B75F80B}.Release|x86.Build.0 = Release|Win32
	EndGlobalSection
	GlobalSection(SolutionProperties) = preSolution
		HideSolutionNode = FALSE
	EndGlobalSection
	GlobalSection(ExtensibilityGlobals) = postSolution
		SolutionGuid = {BA99EC34-2E80-4F91-83B8-719CC3F8D8E2}
	EndGlobalSection
EndGlobal
